
Microsoft Visual Studio Solution File, Format Version 12.00
# Visual Studio Version 17
VisualStudioVersion = 17.5.002.0
MinimumVisualStudioVersion = 10.0.40219.1
Project("{2150E333-8FDC-42A3-9474-1A3956D46DE8}") = "esercitazioni", "esercitazioni", "{EFD5CE51-0D55-485F-9A95-88C2DC5F546C}"
EndProject
Project("{9A19103F-16F7-4668-BE54-9A1E7A4F7556}") = "prima_esercitazione", "esercitazioni\prima_esercitazione\prima_esercitazione.csproj", "{9216DC7B-ECCA-42FC-88DA-4E94C2D89363}"
EndProject
Global
	GlobalSection(SolutionConfigurationPlatforms) = preSolution
		Debug|Any CPU = Debug|Any CPU
		Release|Any CPU = Release|Any CPU
	EndGlobalSection
	GlobalSection(ProjectConfigurationPlatforms) = postSolution
		{9216DC7B-ECCA-42FC-88DA-4E94C2D89363}.Debug|Any CPU.ActiveCfg = Debug|Any CPU
		{9216DC7B-ECCA-42FC-88DA-4E94C2D89363}.Debug|Any CPU.Build.0 = Debug|Any CPU
		{9216DC7B-ECCA-42FC-88DA-4E94C2D89363}.Release|Any CPU.ActiveCfg = Release|Any CPU
		{9216DC7B-ECCA-42FC-88DA-4E94C2D89363}.Release|Any CPU.Build.0 = Release|Any CPU
	EndGlobalSection
	GlobalSection(SolutionProperties) = preSolution
		HideSolutionNode = FALSE
	EndGlobalSection
	GlobalSection(NestedProjects) = preSolution
		{9216DC7B-ECCA-42FC-88DA-4E94C2D89363} = {EFD5CE51-0D55-485F-9A95-88C2DC5F546C}
	EndGlobalSection
	GlobalSection(ExtensibilityGlobals) = postSolution
		SolutionGuid = {7F069E39-5E2B-46A9-BED7-38D6F5887C29}
	EndGlobalSection
EndGlobal
